
Microsoft Visual Studio Solution File, Format Version 12.00
# Visual Studio Version 16
VisualStudioVersion = 16.0.29905.134
MinimumVisualStudioVersion = 10.0.40219.1
Project("{FAE04EC0-301F-11D3-BF4B-00C04F79EFBC}") = "MainFunc", "MainFunc\MainFunc.csproj", "{B9823E71-F67A-4F2B-8C70-785FBAB06B4C}"
EndProject
Global
	GlobalSection(SolutionConfigurationPlatforms) = preSolution
		Debug|Any CPU = Debug|Any CPU
		Release|Any CPU = Release|Any CPU
	EndGlobalSection
	GlobalSection(ProjectConfigurationPlatforms) = postSolution
		{B9823E71-F67A-4F2B-8C70-785FBAB06B4C}.Debug|Any CPU.ActiveCfg = Debug|Any CPU
		{B9823E71-F67A-4F2B-8C70-785FBAB06B4C}.Debug|Any CPU.Build.0 = Debug|Any CPU
		{B9823E71-F67A-4F2B-8C70-785FBAB06B4C}.Release|Any CPU.ActiveCfg = Release|Any CPU
		{B9823E71-F67A-4F2B-8C70-785FBAB06B4C}.Release|Any CPU.Build.0 = Release|Any CPU
	EndGlobalSection
	GlobalSection(SolutionProperties) = preSolution
		HideSolutionNode = FALSE
	EndGlobalSection
	GlobalSection(ExtensibilityGlobals) = postSolution
		SolutionGuid = {2F662967-2519-44F0-B624-325AD947F28B}
	EndGlobalSection
EndGlobal
